// !$*UTF8*$!
{
	archiveVersion = 1;
	classes = {
	};
	objectVersion = 46;
	objects = {

/* Begin PBXBuildFile section */
		87F5DBD81E951D8300E629D2 /* AppDelegate.swift in Sources */ = {isa = PBXBuildFile; fileRef = 87F5DBD71E951D8300E629D2 /* AppDelegate.swift */; };
		87F5DBDA1E951D8300E629D2 /* ViewController.swift in Sources */ = {isa = PBXBuildFile; fileRef = 87F5DBD91E951D8300E629D2 /* ViewController.swift */; };
		87F5DBDD1E951D8300E629D2 /* Main.storyboard in Resources */ = {isa = PBXBuildFile; fileRef = 87F5DBDB1E951D8300E629D2 /* Main.storyboard */; };
		87F5DBDF1E951D8300E629D2 /* Assets.xcassets in Resources */ = {isa = PBXBuildFile; fileRef = 87F5DBDE1E951D8300E629D2 /* Assets.xcassets */; };
		87F5DBE21E951D8300E629D2 /* LaunchScreen.storyboard in Resources */ = {isa = PBXBuildFile; fileRef = 87F5DBE01E951D8300E629D2 /* LaunchScreen.storyboard */; };
		87F5DBED1E951D8300E629D2 /* DadsAppTests.swift in Sources */ = {isa = PBXBuildFile; fileRef = 87F5DBEC1E951D8300E629D2 /* DadsAppTests.swift */; };
		87F5DBF81E951D8300E629D2 /* DadsAppUITests.swift in Sources */ = {isa = PBXBuildFile; fileRef = 87F5DBF71E951D8300E629D2 /* DadsAppUITests.swift */; };
		87F5DC061E952B8D00E629D2 /* ImageCell.swift in Sources */ = {isa = PBXBuildFile; fileRef = 87F5DC051E952B8D00E629D2 /* ImageCell.swift */; };
		87F5DC3D1E95309900E629D2 /* DadsImages in Resources */ = {isa = PBXBuildFile; fileRef = 87F5DC3C1E95309900E629D2 /* DadsImages */; };
/* End PBXBuildFile section */

/* Begin PBXContainerItemProxy section */
		87F5DBE91E951D8300E629D2 /* PBXContainerItemProxy */ = {
			isa = PBXContainerItemProxy;
			containerPortal = 87F5DBCC1E951D8200E629D2 /* Project object */;
			proxyType = 1;
			remoteGlobalIDString = 87F5DBD31E951D8300E629D2;
			remoteInfo = DadsApp;
		};
		87F5DBF41E951D8300E629D2 /* PBXContainerItemProxy */ = {
			isa = PBXContainerItemProxy;
			containerPortal = 87F5DBCC1E951D8200E629D2 /* Project object */;
			proxyType = 1;
			remoteGlobalIDString = 87F5DBD31E951D8300E629D2;
			remoteInfo = DadsApp;
		};
/* End PBXContainerItemProxy section */

/* Begin PBXFileReference section */
		87F5DBD41E951D8300E629D2 /* DadsApp.app */ = {isa = PBXFileReference; explicitFileType = wrapper.application; includeInIndex = 0; path = DadsApp.app; sourceTree = BUILT_PRODUCTS_DIR; };
		87F5DBD71E951D8300E629D2 /* AppDelegate.swift */ = {isa = PBXFileReference; lastKnownFileType = sourcecode.swift; path = AppDelegate.swift; sourceTree = "<group>"; };
		87F5DBD91E951D8300E629D2 /* ViewController.swift */ = {isa = PBXFileReference; lastKnownFileType = sourcecode.swift; path = ViewController.swift; sourceTree = "<group>"; };
		87F5DBDC1E951D8300E629D2 /* Base */ = {isa = PBXFileReference; lastKnownFileType = file.storyboard; name = Base; path = Base.lproj/Main.storyboard; sourceTree = "<group>"; };
		87F5DBDE1E951D8300E629D2 /* Assets.xcassets */ = {isa = PBXFileReference; lastKnownFileType = folder.assetcatalog; path = Assets.xcassets; sourceTree = "<group>"; };
		87F5DBE11E951D8300E629D2 /* Base */ = {isa = PBXFileReference; lastKnownFileType = file.storyboard; name = Base; path = Base.lproj/LaunchScreen.storyboard; sourceTree = "<group>"; };
		87F5DBE31E951D8300E629D2 /* Info.plist */ = {isa = PBXFileReference; lastKnownFileType = text.plist.xml; path = Info.plist; sourceTree = "<group>"; };
		87F5DBE81E951D8300E629D2 /* DadsAppTests.xctest */ = {isa = PBXFileReference; explicitFileType = wrapper.cfbundle; includeInIndex = 0; path = DadsAppTests.xctest; sourceTree = BUILT_PRODUCTS_DIR; };
		87F5DBEC1E951D8300E629D2 /* DadsAppTests.swift */ = {isa = PBXFileReference; lastKnownFileType = sourcecode.swift; path = DadsAppTests.swift; sourceTree = "<group>"; };
		87F5DBEE1E951D8300E629D2 /* Info.plist */ = {isa = PBXFileReference; lastKnownFileType = text.plist.xml; path = Info.plist; sourceTree = "<group>"; };
		87F5DBF31E951D8300E629D2 /* DadsAppUITests.xctest */ = {isa = PBXFileReference; explicitFileType = wrapper.cfbundle; includeInIndex = 0; path = DadsAppUITests.xctest; sourceTree = BUILT_PRODUCTS_DIR; };
		87F5DBF71E951D8300E629D2 /* DadsAppUITests.swift */ = {isa = PBXFileReference; lastKnownFileType = sourcecode.swift; path = DadsAppUITests.swift; sourceTree = "<group>"; };
		87F5DBF91E951D8300E629D2 /* Info.plist */ = {isa = PBXFileReference; lastKnownFileType = text.plist.xml; path = Info.plist; sourceTree = "<group>"; };
		87F5DC051E952B8D00E629D2 /* ImageCell.swift */ = {isa = PBXFileReference; fileEncoding = 4; lastKnownFileType = sourcecode.swift; path = ImageCell.swift; sourceTree = "<group>"; };
		87F5DC3C1E95309900E629D2 /* DadsImages */ = {isa = PBXFileReference; lastKnownFileType = folder; path = DadsImages; sourceTree = "<group>"; };
/* End PBXFileReference section */

/* Begin PBXFrameworksBuildPhase section */
		87F5DBD11E951D8300E629D2 /* Frameworks */ = {
			isa = PBXFrameworksBuildPhase;
			buildActionMask = 2147483647;
			files = (
			);
			runOnlyForDeploymentPostprocessing = 0;
		};
		87F5DBE51E951D8300E629D2 /* Frameworks */ = {
			isa = PBXFrameworksBuildPhase;
			buildActionMask = 2147483647;
			files = (
			);
			runOnlyForDeploymentPostprocessing = 0;
		};
		87F5DBF01E951D8300E629D2 /* Frameworks */ = {
			isa = PBXFrameworksBuildPhase;
			buildActionMask = 2147483647;
			files = (
			);
			runOnlyForDeploymentPostprocessing = 0;
		};
/* End PBXFrameworksBuildPhase section */

/* Begin PBXGroup section */
		87F5DBCB1E951D8200E629D2 = {
			isa = PBXGroup;
			children = (
				87F5DBD61E951D8300E629D2 /* DadsApp */,
				87F5DBEB1E951D8300E629D2 /* DadsAppTests */,
				87F5DBF61E951D8300E629D2 /* DadsAppUITests */,
				87F5DBD51E951D8300E629D2 /* Products */,
			);
			sourceTree = "<group>";
		};
		87F5DBD51E951D8300E629D2 /* Products */ = {
			isa = PBXGroup;
			children = (
				87F5DBD41E951D8300E629D2 /* DadsApp.app */,
				87F5DBE81E951D8300E629D2 /* DadsAppTests.xctest */,
				87F5DBF31E951D8300E629D2 /* DadsAppUITests.xctest */,
			);
			name = Products;
			sourceTree = "<group>";
		};
		87F5DBD61E951D8300E629D2 /* DadsApp */ = {
			isa = PBXGroup;
			children = (
				87F5DBD71E951D8300E629D2 /* AppDelegate.swift */,
				87F5DBD91E951D8300E629D2 /* ViewController.swift */,
				87F5DC051E952B8D00E629D2 /* ImageCell.swift */,
				87F5DBDB1E951D8300E629D2 /* Main.storyboard */,
				87F5DBDE1E951D8300E629D2 /* Assets.xcassets */,
				87F5DBE01E951D8300E629D2 /* LaunchScreen.storyboard */,
				87F5DBE31E951D8300E629D2 /* Info.plist */,
				87F5DC3C1E95309900E629D2 /* DadsImages */,
			);
			path = DadsApp;
			sourceTree = "<group>";
		};
		87F5DBEB1E951D8300E629D2 /* DadsAppTests */ = {
			isa = PBXGroup;
			children = (
				87F5DBEC1E951D8300E629D2 /* DadsAppTests.swift */,
				87F5DBEE1E951D8300E629D2 /* Info.plist */,
			);
			path = DadsAppTests;
			sourceTree = "<group>";
		};
		87F5DBF61E951D8300E629D2 /* DadsAppUITests */ = {
			isa = PBXGroup;
			children = (
				87F5DBF71E951D8300E629D2 /* DadsAppUITests.swift */,
				87F5DBF91E951D8300E629D2 /* Info.plist */,
			);
			path = DadsAppUITests;
			sourceTree = "<group>";
		};
/* End PBXGroup section */

/* Begin PBXNativeTarget section */
		87F5DBD31E951D8300E629D2 /* DadsApp */ = {
			isa = PBXNativeTarget;
			buildConfigurationList = 87F5DBFC1E951D8300E629D2 /* Build configuration list for PBXNativeTarget "DadsApp" */;
			buildPhases = (
				87F5DBD01E951D8300E629D2 /* Sources */,
				87F5DBD11E951D8300E629D2 /* Frameworks */,
				87F5DBD21E951D8300E629D2 /* Resources */,
			);
			buildRules = (
			);
			dependencies = (
			);
			name = DadsApp;
			productName = DadsApp;
			productReference = 87F5DBD41E951D8300E629D2 /* DadsApp.app */;
			productType = "com.apple.product-type.application";
		};
		87F5DBE71E951D8300E629D2 /* DadsAppTests */ = {
			isa = PBXNativeTarget;
			buildConfigurationList = 87F5DBFF1E951D8300E629D2 /* Build configuration list for PBXNativeTarget "DadsAppTests" */;
			buildPhases = (
				87F5DBE41E951D8300E629D2 /* Sources */,
				87F5DBE51E951D8300E629D2 /* Frameworks */,
				87F5DBE61E951D8300E629D2 /* Resources */,
			);
			buildRules = (
			);
			dependencies = (
				87F5DBEA1E951D8300E629D2 /* PBXTargetDependency */,
			);
			name = DadsAppTests;
			productName = DadsAppTests;
			productReference = 87F5DBE81E951D8300E629D2 /* DadsAppTests.xctest */;
			productType = "com.apple.product-type.bundle.unit-test";
		};
		87F5DBF21E951D8300E629D2 /* DadsAppUITests */ = {
			isa = PBXNativeTarget;
			buildConfigurationList = 87F5DC021E951D8300E629D2 /* Build configuration list for PBXNativeTarget "DadsAppUITests" */;
			buildPhases = (
				87F5DBEF1E951D8300E629D2 /* Sources */,
				87F5DBF01E951D8300E629D2 /* Frameworks */,
				87F5DBF11E951D8300E629D2 /* Resources */,
			);
			buildRules = (
			);
			dependencies = (
				87F5DBF51E951D8300E629D2 /* PBXTargetDependency */,
			);
			name = DadsAppUITests;
			productName = DadsAppUITests;
			productReference = 87F5DBF31E951D8300E629D2 /* DadsAppUITests.xctest */;
			productType = "com.apple.product-type.bundle.ui-testing";
		};
/* End PBXNativeTarget section */

/* Begin PBXProject section */
		87F5DBCC1E951D8200E629D2 /* Project object */ = {
			isa = PBXProject;
			attributes = {
				LastSwiftUpdateCheck = 0830;
				LastUpgradeCheck = 0830;
				ORGANIZATIONNAME = "Wayne Rumble";
				TargetAttributes = {
					87F5DBD31E951D8300E629D2 = {
						CreatedOnToolsVersion = 8.3;
						DevelopmentTeam = L3QZJU3LP7;
						ProvisioningStyle = Automatic;
					};
					87F5DBE71E951D8300E629D2 = {
						CreatedOnToolsVersion = 8.3;
						DevelopmentTeam = L3QZJU3LP7;
						ProvisioningStyle = Automatic;
						TestTargetID = 87F5DBD31E951D8300E629D2;
					};
					87F5DBF21E951D8300E629D2 = {
						CreatedOnToolsVersion = 8.3;
						DevelopmentTeam = L3QZJU3LP7;
						ProvisioningStyle = Automatic;
						TestTargetID = 87F5DBD31E951D8300E629D2;
					};
				};
			};
			buildConfigurationList = 87F5DBCF1E951D8200E629D2 /* Build configuration list for PBXProject "DadsApp" */;
			compatibilityVersion = "Xcode 3.2";
			developmentRegion = English;
			hasScannedForEncodings = 0;
			knownRegions = (
				en,
				Base,
			);
			mainGroup = 87F5DBCB1E951D8200E629D2;
			productRefGroup = 87F5DBD51E951D8300E629D2 /* Products */;
			projectDirPath = "";
			projectRoot = "";
			targets = (
				87F5DBD31E951D8300E629D2 /* DadsApp */,
				87F5DBE71E951D8300E629D2 /* DadsAppTests */,
				87F5DBF21E951D8300E629D2 /* DadsAppUITests */,
			);
		};
/* End PBXProject section */

/* Begin PBXResourcesBuildPhase section */
		87F5DBD21E951D8300E629D2 /* Resources */ = {
			isa = PBXResourcesBuildPhase;
			buildActionMask = 2147483647;
			files = (
				87F5DC3D1E95309900E629D2 /* DadsImages in Resources */,
				87F5DBE21E951D8300E629D2 /* LaunchScreen.storyboard in Resources */,
				87F5DBDF1E951D8300E629D2 /* Assets.xcassets in Resources */,
				87F5DBDD1E951D8300E629D2 /* Main.storyboard in Resources */,
			);
			runOnlyForDeploymentPostprocessing = 0;
		};
		87F5DBE61E951D8300E629D2 /* Resources */ = {
			isa = PBXResourcesBuildPhase;
			buildActionMask = 2147483647;
			files = (
			);
			runOnlyForDeploymentPostprocessing = 0;
		};
		87F5DBF11E951D8300E629D2 /* Resources */ = {
			isa = PBXResourcesBuildPhase;
			buildActionMask = 2147483647;
			files = (
			);
			runOnlyForDeploymentPostprocessing = 0;
		};
/* End PBXResourcesBuildPhase section */

/* Begin PBXSourcesBuildPhase section */
		87F5DBD01E951D8300E629D2 /* Sources */ = {
			isa = PBXSourcesBuildPhase;
			buildActionMask = 2147483647;
			files = (
				87F5DBDA1E951D8300E629D2 /* ViewController.swift in Sources */,
				87F5DBD81E951D8300E629D2 /* AppDelegate.swift in Sources */,
				87F5DC061E952B8D00E629D2 /* ImageCell.swift in Sources */,
			);
			runOnlyForDeploymentPostprocessing = 0;
		};
		87F5DBE41E951D8300E629D2 /* Sources */ = {
			isa = PBXSourcesBuildPhase;
			buildActionMask = 2147483647;
			files = (
				87F5DBED1E951D8300E629D2 /* DadsAppTests.swift in Sources */,
			);
			runOnlyForDeploymentPostprocessing = 0;
		};
		87F5DBEF1E951D8300E629D2 /* Sources */ = {
			isa = PBXSourcesBuildPhase;
			buildActionMask = 2147483647;
			files = (
				87F5DBF81E951D8300E629D2 /* DadsAppUITests.swift in Sources */,
			);
			runOnlyForDeploymentPostprocessing = 0;
		};
/* End PBXSourcesBuildPhase section */

/* Begin PBXTargetDependency section */
		87F5DBEA1E951D8300E629D2 /* PBXTargetDependency */ = {
			isa = PBXTargetDependency;
			target = 87F5DBD31E951D8300E629D2 /* DadsApp */;
			targetProxy = 87F5DBE91E951D8300E629D2 /* PBXContainerItemProxy */;
		};
		87F5DBF51E951D8300E629D2 /* PBXTargetDependency */ = {
			isa = PBXTargetDependency;
			target = 87F5DBD31E951D8300E629D2 /* DadsApp */;
			targetProxy = 87F5DBF41E951D8300E629D2 /* PBXContainerItemProxy */;
		};
/* End PBXTargetDependency section */

/* Begin PBXVariantGroup section */
		87F5DBDB1E951D8300E629D2 /* Main.storyboard */ = {
			isa = PBXVariantGroup;
			children = (
				87F5DBDC1E951D8300E629D2 /* Base */,
			);
			name = Main.storyboard;
			sourceTree = "<group>";
		};
		87F5DBE01E951D8300E629D2 /* LaunchScreen.storyboard */ = {
			isa = PBXVariantGroup;
			children = (
				87F5DBE11E951D8300E629D2 /* Base */,
			);
			name = LaunchScreen.storyboard;
			sourceTree = "<group>";
		};
/* End PBXVariantGroup section */

/* Begin XCBuildConfiguration section */
		87F5DBFA1E951D8300E629D2 /* Debug */ = {
			isa = XCBuildConfiguration;
			buildSettings = {
				ALWAYS_SEARCH_USER_PATHS = NO;
				CLANG_ANALYZER_NONNULL = YES;
				CLANG_ANALYZER_NUMBER_OBJECT_CONVERSION = YES_AGGRESSIVE;
				CLANG_CXX_LANGUAGE_STANDARD = "gnu++0x";
				CLANG_CXX_LIBRARY = "libc++";
				CLANG_ENABLE_MODULES = YES;
				CLANG_ENABLE_OBJC_ARC = YES;
				CLANG_WARN_BOOL_CONVERSION = YES;
				CLANG_WARN_CONSTANT_CONVERSION = YES;
				CLANG_WARN_DIRECT_OBJC_ISA_USAGE = YES_ERROR;
				CLANG_WARN_DOCUMENTATION_COMMENTS = YES;
				CLANG_WARN_EMPTY_BODY = YES;
				CLANG_WARN_ENUM_CONVERSION = YES;
				CLANG_WARN_INFINITE_RECURSION = YES;
				CLANG_WARN_INT_CONVERSION = YES;
				CLANG_WARN_OBJC_ROOT_CLASS = YES_ERROR;
				CLANG_WARN_SUSPICIOUS_MOVE = YES;
				CLANG_WARN_UNREACHABLE_CODE = YES;
				CLANG_WARN__DUPLICATE_METHOD_MATCH = YES;
				"CODE_SIGN_IDENTITY[sdk=iphoneos*]" = "iPhone Developer";
				COPY_PHASE_STRIP = NO;
				DEBUG_INFORMATION_FORMAT = dwarf;
				ENABLE_STRICT_OBJC_MSGSEND = YES;
				ENABLE_TESTABILITY = YES;
				GCC_C_LANGUAGE_STANDARD = gnu99;
				GCC_DYNAMIC_NO_PIC = NO;
				GCC_NO_COMMON_BLOCKS = YES;
				GCC_OPTIMIZATION_LEVEL = 0;
				GCC_PREPROCESSOR_DEFINITIONS = (
					"DEBUG=1",
					"$(inherited)",
				);
				GCC_WARN_64_TO_32_BIT_CONVERSION = YES;
				GCC_WARN_ABOUT_RETURN_TYPE = YES_ERROR;
				GCC_WARN_UNDECLARED_SELECTOR = YES;
				GCC_WARN_UNINITIALIZED_AUTOS = YES_AGGRESSIVE;
				GCC_WARN_UNUSED_FUNCTION = YES;
				GCC_WARN_UNUSED_VARIABLE = YES;
				IPHONEOS_DEPLOYMENT_TARGET = 8.0;
				MTL_ENABLE_DEBUG_INFO = YES;
				ONLY_ACTIVE_ARCH = YES;
				SDKROOT = iphoneos;
				SWIFT_ACTIVE_COMPILATION_CONDITIONS = DEBUG;
				SWIFT_OPTIMIZATION_LEVEL = "-Onone";
				TARGETED_DEVICE_FAMILY = "1,2";
			};
			name = Debug;
		};
		87F5DBFB1E951D8300E629D2 /* Release */ = {
			isa = XCBuildConfiguration;
			buildSettings = {
				ALWAYS_SEARCH_USER_PATHS = NO;
				CLANG_ANALYZER_NONNULL = YES;
				CLANG_ANALYZER_NUMBER_OBJECT_CONVERSION = YES_AGGRESSIVE;
				CLANG_CXX_LANGUAGE_STANDARD = "gnu++0x";
				CLANG_CXX_LIBRARY = "libc++";
				CLANG_ENABLE_MODULES = YES;
				CLANG_ENABLE_OBJC_ARC = YES;
				CLANG_WARN_BOOL_CONVERSION = YES;
				CLANG_WARN_CONSTANT_CONVERSION = YES;
				CLANG_WARN_DIRECT_OBJC_ISA_USAGE = YES_ERROR;
				CLANG_WARN_DOCUMENTATION_COMMENTS = YES;
				CLANG_WARN_EMPTY_BODY = YES;
				CLANG_WARN_ENUM_CONVERSION = YES;
				CLANG_WARN_INFINITE_RECURSION = YES;
				CLANG_WARN_INT_CONVERSION = YES;
				CLANG_WARN_OBJC_ROOT_CLASS = YES_ERROR;
				CLANG_WARN_SUSPICIOUS_MOVE = YES;
				CLANG_WARN_UNREACHABLE_CODE = YES;
				CLANG_WARN__DUPLICATE_METHOD_MATCH = YES;
				"CODE_SIGN_IDENTITY[sdk=iphoneos*]" = "iPhone Developer";
				COPY_PHASE_STRIP = NO;
				DEBUG_INFORMATION_FORMAT = "dwarf-with-dsym";
				ENABLE_NS_ASSERTIONS = NO;
				ENABLE_STRICT_OBJC_MSGSEND = YES;
				GCC_C_LANGUAGE_STANDARD = gnu99;
				GCC_NO_COMMON_BLOCKS = YES;
				GCC_WARN_64_TO_32_BIT_CONVERSION = YES;
				GCC_WARN_ABOUT_RETURN_TYPE = YES_ERROR;
				GCC_WARN_UNDECLARED_SELECTOR = YES;
				GCC_WARN_UNINITIALIZED_AUTOS = YES_AGGRESSIVE;
				GCC_WARN_UNUSED_FUNCTION = YES;
				GCC_WARN_UNUSED_VARIABLE = YES;
				IPHONEOS_DEPLOYMENT_TARGET = 8.0;
				MTL_ENABLE_DEBUG_INFO = NO;
				SDKROOT = iphoneos;
				SWIFT_OPTIMIZATION_LEVEL = "-Owholemodule";
				TARGETED_DEVICE_FAMILY = "1,2";
				VALIDATE_PRODUCT = YES;
			};
			name = Release;
		};
		87F5DBFD1E951D8300E629D2 /* Debug */ = {
			isa = XCBuildConfiguration;
			buildSettings = {
				ASSETCATALOG_COMPILER_APPICON_NAME = AppIcon;
				DEVELOPMENT_TEAM = L3QZJU3LP7;
				INFOPLIST_FILE = DadsApp/Info.plist;
				LD_RUNPATH_SEARCH_PATHS = "$(inherited) @executable_path/Frameworks";
				PRODUCT_BUNDLE_IDENTIFIER = com.waynerumble.DadsApp;
				PRODUCT_NAME = "$(TARGET_NAME)";
				SWIFT_VERSION = 3.0;
			};
			name = Debug;
		};
		87F5DBFE1E951D8300E629D2 /* Release */ = {
			isa = XCBuildConfiguration;
			buildSettings = {
				ASSETCATALOG_COMPILER_APPICON_NAME = AppIcon;
				DEVELOPMENT_TEAM = L3QZJU3LP7;
				INFOPLIST_FILE = DadsApp/Info.plist;
				LD_RUNPATH_SEARCH_PATHS = "$(inherited) @executable_path/Frameworks";
				PRODUCT_BUNDLE_IDENTIFIER = com.waynerumble.DadsApp;
				PRODUCT_NAME = "$(TARGET_NAME)";
				SWIFT_VERSION = 3.0;
			};
			name = Release;
		};
		87F5DC001E951D8300E629D2 /* Debug */ = {
			isa = XCBuildConfiguration;
			buildSettings = {
				ALWAYS_EMBED_SWIFT_STANDARD_LIBRARIES = YES;
				BUNDLE_LOADER = "$(TEST_HOST)";
				DEVELOPMENT_TEAM = L3QZJU3LP7;
				INFOPLIST_FILE = DadsAppTests/Info.plist;
				LD_RUNPATH_SEARCH_PATHS = "$(inherited) @executable_path/Frameworks @loader_path/Frameworks";
				PRODUCT_BUNDLE_IDENTIFIER = com.waynerumble.DadsAppTests;
				PRODUCT_NAME = "$(TARGET_NAME)";
				SWIFT_VERSION = 3.0;
				TEST_HOST = "$(BUILT_PRODUCTS_DIR)/DadsApp.app/DadsApp";
			};
			name = Debug;
		};
		87F5DC011E951D8300E629D2 /* Release */ = {
			isa = XCBuildConfiguration;
			buildSettings = {
				ALWAYS_EMBED_SWIFT_STANDARD_LIBRARIES = YES;
				BUNDLE_LOADER = "$(TEST_HOST)";
				DEVELOPMENT_TEAM = L3QZJU3LP7;
				INFOPLIST_FILE = DadsAppTests/Info.plist;
				LD_RUNPATH_SEARCH_PATHS = "$(inherited) @executable_path/Frameworks @loader_path/Frameworks";
				PRODUCT_BUNDLE_IDENTIFIER = com.waynerumble.DadsAppTests;
				PRODUCT_NAME = "$(TARGET_NAME)";
				SWIFT_VERSION = 3.0;
				TEST_HOST = "$(BUILT_PRODUCTS_DIR)/DadsApp.app/DadsApp";
			};
			name = Release;
		};
		87F5DC031E951D8300E629D2 /* Debug */ = {
			isa = XCBuildConfiguration;
			buildSettings = {
				ALWAYS_EMBED_SWIFT_STANDARD_LIBRARIES = YES;
				DEVELOPMENT_TEAM = L3QZJU3LP7;
				INFOPLIST_FILE = DadsAppUITests/Info.plist;
				LD_RUNPATH_SEARCH_PATHS = "$(inherited) @executable_path/Frameworks @loader_path/Frameworks";
				PRODUCT_BUNDLE_IDENTIFIER = com.waynerumble.DadsAppUITests;
				PRODUCT_NAME = "$(TARGET_NAME)";
				SWIFT_VERSION = 3.0;
				TEST_TARGET_NAME = DadsApp;
			};
			name = Debug;
		};
		87F5DC041E951D8300E629D2 /* Release */ = {
			isa = XCBuildConfiguration;
			buildSettings = {
				ALWAYS_EMBED_SWIFT_STANDARD_LIBRARIES = YES;
				DEVELOPMENT_TEAM = L3QZJU3LP7;
				INFOPLIST_FILE = DadsAppUITests/Info.plist;
				LD_RUNPATH_SEARCH_PATHS = "$(inherited) @executable_path/Frameworks @loader_path/Frameworks";
				PRODUCT_BUNDLE_IDENTIFIER = com.waynerumble.DadsAppUITests;
				PRODUCT_NAME = "$(TARGET_NAME)";
				SWIFT_VERSION = 3.0;
				TEST_TARGET_NAME = DadsApp;
			};
			name = Release;
		};
/* End XCBuildConfiguration section */

/* Begin XCConfigurationList section */
		87F5DBCF1E951D8200E629D2 /* Build configuration list for PBXProject "DadsApp" */ = {
			isa = XCConfigurationList;
			buildConfigurations = (
				87F5DBFA1E951D8300E629D2 /* Debug */,
				87F5DBFB1E951D8300E629D2 /* Release */,
			);
			defaultConfigurationIsVisible = 0;
			defaultConfigurationName = Release;
		};
		87F5DBFC1E951D8300E629D2 /* Build configuration list for PBXNativeTarget "DadsApp" */ = {
			isa = XCConfigurationList;
			buildConfigurations = (
				87F5DBFD1E951D8300E629D2 /* Debug */,
				87F5DBFE1E951D8300E629D2 /* Release */,
			);
			defaultConfigurationIsVisible = 0;
		};
		87F5DBFF1E951D8300E629D2 /* Build configuration list for PBXNativeTarget "DadsAppTests" */ = {
			isa = XCConfigurationList;
			buildConfigurations = (
				87F5DC001E951D8300E629D2 /* Debug */,
				87F5DC011E951D8300E629D2 /* Release */,
			);
			defaultConfigurationIsVisible = 0;
		};
		87F5DC021E951D8300E629D2 /* Build configuration list for PBXNativeTarget "DadsAppUITests" */ = {
			isa = XCConfigurationList;
			buildConfigurations = (
				87F5DC031E951D8300E629D2 /* Debug */,
				87F5DC041E951D8300E629D2 /* Release */,
			);
			defaultConfigurationIsVisible = 0;
		};
/* End XCConfigurationList section */
	};
	rootObject = 87F5DBCC1E951D8200E629D2 /* Project object */;
}
